
Microsoft Visual Studio Solution File, Format Version 12.00
# Visual Studio Version 17
VisualStudioVersion = 17.0.31903.59
MinimumVisualStudioVersion = 10.0.40219.1
Project("{9A19103F-16F7-4668-BE54-9A1E7A4F7556}") = "Array", "Array\Array.csproj", "{8787E46E-D294-46DC-ADE1-ACFC79838FE4}"
EndProject
Project("{9A19103F-16F7-4668-BE54-9A1E7A4F7556}") = "ArrayTests", "ArrayTests\ArrayTests.csproj", "{85AA5703-C44A-4C79-B6D1-1CA5F9FB6B9B}"
EndProject
Project("{9A19103F-16F7-4668-BE54-9A1E7A4F7556}") = "CollectionConsoleApp", "CollectionConsoleApp\CollectionConsoleApp.csproj", "{44BFEDAD-ABC3-4046-9491-96ECA565210E}"
EndProject
Project("{9A19103F-16F7-4668-BE54-9A1E7A4F7556}") = "CollectionTests", "CollectionTests\CollectionTests.csproj", "{89B9F928-5509-48F8-96C8-EDA8B4DAD1E7}"
EndProject
Project("{9A19103F-16F7-4668-BE54-9A1E7A4F7556}") = "List", "List\List.csproj", "{BB36BED9-E4D0-4378-817E-C8F20929BDED}"
EndProject
Project("{9A19103F-16F7-4668-BE54-9A1E7A4F7556}") = "ListTests", "ListTests\ListTests.csproj", "{58C6E1D1-66FB-43C2-8D82-46E38C2FB715}"
EndProject
Project("{9A19103F-16F7-4668-BE54-9A1E7A4F7556}") = "LinkedList", "LinkedList\LinkedList.csproj", "{A45B2A73-BC1C-495A-B48E-252EF18AEB15}"
EndProject
Project("{9A19103F-16F7-4668-BE54-9A1E7A4F7556}") = "LinkedListConsoleApp", "LinkedListConsoleApp\LinkedListConsoleApp.csproj", "{86F84511-82F6-4308-A988-B3CF95DAD53F}"
EndProject
Project("{9A19103F-16F7-4668-BE54-9A1E7A4F7556}") = "SinglyLinkedListTests", "SinglyLinkedListTests\SinglyLinkedListTests.csproj", "{627631DE-F645-4017-91BF-6BC0CD0BEE01}"
EndProject
Project("{2150E333-8FDC-42A3-9474-1A3956D46DE8}") = "Apps", "Apps", "{DEA94317-C05C-4F8C-B6C2-F4BB6247CCFD}"
EndProject
Project("{2150E333-8FDC-42A3-9474-1A3956D46DE8}") = "DataStructures", "DataStructures", "{1E5C32A0-2311-4A95-9A48-E9808280939A}"
EndProject
Project("{2150E333-8FDC-42A3-9474-1A3956D46DE8}") = "Tests", "Tests", "{80CC7EAF-BCFA-4E2B-8337-11E43EDF2401}"
EndProject
Project("{9A19103F-16F7-4668-BE54-9A1E7A4F7556}") = "DoublyLinkedListTests", "DoublyLinkedListTests\DoublyLinkedListTests.csproj", "{DAC259BF-986D-4C59-A7D5-C5CB15A1019C}"
EndProject
Project("{9A19103F-16F7-4668-BE54-9A1E7A4F7556}") = "Stack", "Stack\Stack.csproj", "{14B56A84-F13C-4A07-B54E-E1AF5854B5EF}"
EndProject
Project("{9A19103F-16F7-4668-BE54-9A1E7A4F7556}") = "StackTests", "StackTests\StackTests.csproj", "{F65768C4-799E-4A1E-A510-8407A50EF59F}"
EndProject
Project("{9A19103F-16F7-4668-BE54-9A1E7A4F7556}") = "Queue", "Queue\Queue.csproj", "{5AD3917F-160E-4BA5-A523-A1BB8CDC09E1}"
EndProject
Project("{9A19103F-16F7-4668-BE54-9A1E7A4F7556}") = "QueueTests", "QueueTests\QueueTests.csproj", "{5F3DE2A2-7738-4158-AC37-F7ECE253881F}"
EndProject
Project("{2150E333-8FDC-42A3-9474-1A3956D46DE8}") = "SortingAlgorithms", "SortingAlgorithms", "{F8F8F5FA-C5AB-42FB-9A9F-BBD7900D8644}"
EndProject
Project("{9A19103F-16F7-4668-BE54-9A1E7A4F7556}") = "SortingAlgorithms", "SortingAlgorithms\SortingAlgorithms.csproj", "{DD368230-7108-4601-BA7E-321D611CB956}"
EndProject
Project("{2150E333-8FDC-42A3-9474-1A3956D46DE8}") = "Shared", "Shared", "{D2EDB7EC-7CE4-46A5-8D5F-0E963DB456AB}"
EndProject
Project("{9A19103F-16F7-4668-BE54-9A1E7A4F7556}") = "Utilities", "Utilities\Utilities.csproj", "{AE411B61-3449-416E-AADC-73CF9AF0EEA2}"
EndProject
Project("{9A19103F-16F7-4668-BE54-9A1E7A4F7556}") = "SortingAlgorithmsTests", "SortingAlgorithmsTests\SortingAlgorithmsTests.csproj", "{64665CC7-6EFC-4E32-B34C-E3884B895760}"
EndProject
Project("{FAE04EC0-301F-11D3-BF4B-00C04F79EFBC}") = "SortingAlgorithmsApp", "SortingAlgorithmsApp\SortingAlgorithmsApp.csproj", "{3B045414-0A2D-4AB9-AE89-35EF789FEC83}"
EndProject
Global
	GlobalSection(SolutionConfigurationPlatforms) = preSolution
		Debug|Any CPU = Debug|Any CPU
		Release|Any CPU = Release|Any CPU
	EndGlobalSection
	GlobalSection(ProjectConfigurationPlatforms) = postSolution
		{8787E46E-D294-46DC-ADE1-ACFC79838FE4}.Debug|Any CPU.ActiveCfg = Debug|Any CPU
		{8787E46E-D294-46DC-ADE1-ACFC79838FE4}.Debug|Any CPU.Build.0 = Debug|Any CPU
		{8787E46E-D294-46DC-ADE1-ACFC79838FE4}.Release|Any CPU.ActiveCfg = Release|Any CPU
		{8787E46E-D294-46DC-ADE1-ACFC79838FE4}.Release|Any CPU.Build.0 = Release|Any CPU
		{85AA5703-C44A-4C79-B6D1-1CA5F9FB6B9B}.Debug|Any CPU.ActiveCfg = Debug|Any CPU
		{85AA5703-C44A-4C79-B6D1-1CA5F9FB6B9B}.Debug|Any CPU.Build.0 = Debug|Any CPU
		{85AA5703-C44A-4C79-B6D1-1CA5F9FB6B9B}.Release|Any CPU.ActiveCfg = Release|Any CPU
		{85AA5703-C44A-4C79-B6D1-1CA5F9FB6B9B}.Release|Any CPU.Build.0 = Release|Any CPU
		{44BFEDAD-ABC3-4046-9491-96ECA565210E}.Debug|Any CPU.ActiveCfg = Debug|Any CPU
		{44BFEDAD-ABC3-4046-9491-96ECA565210E}.Debug|Any CPU.Build.0 = Debug|Any CPU
		{44BFEDAD-ABC3-4046-9491-96ECA565210E}.Release|Any CPU.ActiveCfg = Release|Any CPU
		{44BFEDAD-ABC3-4046-9491-96ECA565210E}.Release|Any CPU.Build.0 = Release|Any CPU
		{89B9F928-5509-48F8-96C8-EDA8B4DAD1E7}.Debug|Any CPU.ActiveCfg = Debug|Any CPU
		{89B9F928-5509-48F8-96C8-EDA8B4DAD1E7}.Debug|Any CPU.Build.0 = Debug|Any CPU
		{89B9F928-5509-48F8-96C8-EDA8B4DAD1E7}.Release|Any CPU.ActiveCfg = Release|Any CPU
		{89B9F928-5509-48F8-96C8-EDA8B4DAD1E7}.Release|Any CPU.Build.0 = Release|Any CPU
		{BB36BED9-E4D0-4378-817E-C8F20929BDED}.Debug|Any CPU.ActiveCfg = Debug|Any CPU
		{BB36BED9-E4D0-4378-817E-C8F20929BDED}.Debug|Any CPU.Build.0 = Debug|Any CPU
		{BB36BED9-E4D0-4378-817E-C8F20929BDED}.Release|Any CPU.ActiveCfg = Release|Any CPU
		{BB36BED9-E4D0-4378-817E-C8F20929BDED}.Release|Any CPU.Build.0 = Release|Any CPU
		{58C6E1D1-66FB-43C2-8D82-46E38C2FB715}.Debug|Any CPU.ActiveCfg = Debug|Any CPU
		{58C6E1D1-66FB-43C2-8D82-46E38C2FB715}.Debug|Any CPU.Build.0 = Debug|Any CPU
		{58C6E1D1-66FB-43C2-8D82-46E38C2FB715}.Release|Any CPU.ActiveCfg = Release|Any CPU
		{58C6E1D1-66FB-43C2-8D82-46E38C2FB715}.Release|Any CPU.Build.0 = Release|Any CPU
		{A45B2A73-BC1C-495A-B48E-252EF18AEB15}.Debug|Any CPU.ActiveCfg = Debug|Any CPU
		{A45B2A73-BC1C-495A-B48E-252EF18AEB15}.Debug|Any CPU.Build.0 = Debug|Any CPU
		{A45B2A73-BC1C-495A-B48E-252EF18AEB15}.Release|Any CPU.ActiveCfg = Release|Any CPU
		{A45B2A73-BC1C-495A-B48E-252EF18AEB15}.Release|Any CPU.Build.0 = Release|Any CPU
		{86F84511-82F6-4308-A988-B3CF95DAD53F}.Debug|Any CPU.ActiveCfg = Debug|Any CPU
		{86F84511-82F6-4308-A988-B3CF95DAD53F}.Debug|Any CPU.Build.0 = Debug|Any CPU
		{86F84511-82F6-4308-A988-B3CF95DAD53F}.Release|Any CPU.ActiveCfg = Release|Any CPU
		{86F84511-82F6-4308-A988-B3CF95DAD53F}.Release|Any CPU.Build.0 = Release|Any CPU
		{627631DE-F645-4017-91BF-6BC0CD0BEE01}.Debug|Any CPU.ActiveCfg = Debug|Any CPU
		{627631DE-F645-4017-91BF-6BC0CD0BEE01}.Debug|Any CPU.Build.0 = Debug|Any CPU
		{627631DE-F645-4017-91BF-6BC0CD0BEE01}.Release|Any CPU.ActiveCfg = Release|Any CPU
		{627631DE-F645-4017-91BF-6BC0CD0BEE01}.Release|Any CPU.Build.0 = Release|Any CPU
		{DAC259BF-986D-4C59-A7D5-C5CB15A1019C}.Debug|Any CPU.ActiveCfg = Debug|Any CPU
		{DAC259BF-986D-4C59-A7D5-C5CB15A1019C}.Debug|Any CPU.Build.0 = Debug|Any CPU
		{DAC259BF-986D-4C59-A7D5-C5CB15A1019C}.Release|Any CPU.ActiveCfg = Release|Any CPU
		{DAC259BF-986D-4C59-A7D5-C5CB15A1019C}.Release|Any CPU.Build.0 = Release|Any CPU
		{14B56A84-F13C-4A07-B54E-E1AF5854B5EF}.Debug|Any CPU.ActiveCfg = Debug|Any CPU
		{14B56A84-F13C-4A07-B54E-E1AF5854B5EF}.Debug|Any CPU.Build.0 = Debug|Any CPU
		{14B56A84-F13C-4A07-B54E-E1AF5854B5EF}.Release|Any CPU.ActiveCfg = Release|Any CPU
		{14B56A84-F13C-4A07-B54E-E1AF5854B5EF}.Release|Any CPU.Build.0 = Release|Any CPU
		{F65768C4-799E-4A1E-A510-8407A50EF59F}.Debug|Any CPU.ActiveCfg = Debug|Any CPU
		{F65768C4-799E-4A1E-A510-8407A50EF59F}.Debug|Any CPU.Build.0 = Debug|Any CPU
		{F65768C4-799E-4A1E-A510-8407A50EF59F}.Release|Any CPU.ActiveCfg = Release|Any CPU
		{F65768C4-799E-4A1E-A510-8407A50EF59F}.Release|Any CPU.Build.0 = Release|Any CPU
		{5AD3917F-160E-4BA5-A523-A1BB8CDC09E1}.Debug|Any CPU.ActiveCfg = Debug|Any CPU
		{5AD3917F-160E-4BA5-A523-A1BB8CDC09E1}.Debug|Any CPU.Build.0 = Debug|Any CPU
		{5AD3917F-160E-4BA5-A523-A1BB8CDC09E1}.Release|Any CPU.ActiveCfg = Release|Any CPU
		{5AD3917F-160E-4BA5-A523-A1BB8CDC09E1}.Release|Any CPU.Build.0 = Release|Any CPU
		{5F3DE2A2-7738-4158-AC37-F7ECE253881F}.Debug|Any CPU.ActiveCfg = Debug|Any CPU
		{5F3DE2A2-7738-4158-AC37-F7ECE253881F}.Debug|Any CPU.Build.0 = Debug|Any CPU
		{5F3DE2A2-7738-4158-AC37-F7ECE253881F}.Release|Any CPU.ActiveCfg = Release|Any CPU
		{5F3DE2A2-7738-4158-AC37-F7ECE253881F}.Release|Any CPU.Build.0 = Release|Any CPU
		{DD368230-7108-4601-BA7E-321D611CB956}.Debug|Any CPU.ActiveCfg = Debug|Any CPU
		{DD368230-7108-4601-BA7E-321D611CB956}.Debug|Any CPU.Build.0 = Debug|Any CPU
		{DD368230-7108-4601-BA7E-321D611CB956}.Release|Any CPU.ActiveCfg = Release|Any CPU
		{DD368230-7108-4601-BA7E-321D611CB956}.Release|Any CPU.Build.0 = Release|Any CPU
		{AE411B61-3449-416E-AADC-73CF9AF0EEA2}.Debug|Any CPU.ActiveCfg = Debug|Any CPU
		{AE411B61-3449-416E-AADC-73CF9AF0EEA2}.Debug|Any CPU.Build.0 = Debug|Any CPU
		{AE411B61-3449-416E-AADC-73CF9AF0EEA2}.Release|Any CPU.ActiveCfg = Release|Any CPU
		{AE411B61-3449-416E-AADC-73CF9AF0EEA2}.Release|Any CPU.Build.0 = Release|Any CPU
		{64665CC7-6EFC-4E32-B34C-E3884B895760}.Debug|Any CPU.ActiveCfg = Debug|Any CPU
		{64665CC7-6EFC-4E32-B34C-E3884B895760}.Debug|Any CPU.Build.0 = Debug|Any CPU
		{64665CC7-6EFC-4E32-B34C-E3884B895760}.Release|Any CPU.ActiveCfg = Release|Any CPU
		{64665CC7-6EFC-4E32-B34C-E3884B895760}.Release|Any CPU.Build.0 = Release|Any CPU
		{3B045414-0A2D-4AB9-AE89-35EF789FEC83}.Debug|Any CPU.ActiveCfg = Debug|Any CPU
		{3B045414-0A2D-4AB9-AE89-35EF789FEC83}.Debug|Any CPU.Build.0 = Debug|Any CPU
		{3B045414-0A2D-4AB9-AE89-35EF789FEC83}.Release|Any CPU.ActiveCfg = Release|Any CPU
		{3B045414-0A2D-4AB9-AE89-35EF789FEC83}.Release|Any CPU.Build.0 = Release|Any CPU
	EndGlobalSection
	GlobalSection(SolutionProperties) = preSolution
		HideSolutionNode = FALSE
	EndGlobalSection
	GlobalSection(NestedProjects) = preSolution
		{8787E46E-D294-46DC-ADE1-ACFC79838FE4} = {1E5C32A0-2311-4A95-9A48-E9808280939A}
		{85AA5703-C44A-4C79-B6D1-1CA5F9FB6B9B} = {80CC7EAF-BCFA-4E2B-8337-11E43EDF2401}
		{44BFEDAD-ABC3-4046-9491-96ECA565210E} = {DEA94317-C05C-4F8C-B6C2-F4BB6247CCFD}
		{89B9F928-5509-48F8-96C8-EDA8B4DAD1E7} = {80CC7EAF-BCFA-4E2B-8337-11E43EDF2401}
		{BB36BED9-E4D0-4378-817E-C8F20929BDED} = {1E5C32A0-2311-4A95-9A48-E9808280939A}
		{58C6E1D1-66FB-43C2-8D82-46E38C2FB715} = {80CC7EAF-BCFA-4E2B-8337-11E43EDF2401}
		{A45B2A73-BC1C-495A-B48E-252EF18AEB15} = {1E5C32A0-2311-4A95-9A48-E9808280939A}
		{86F84511-82F6-4308-A988-B3CF95DAD53F} = {DEA94317-C05C-4F8C-B6C2-F4BB6247CCFD}
		{627631DE-F645-4017-91BF-6BC0CD0BEE01} = {80CC7EAF-BCFA-4E2B-8337-11E43EDF2401}
		{DAC259BF-986D-4C59-A7D5-C5CB15A1019C} = {80CC7EAF-BCFA-4E2B-8337-11E43EDF2401}
		{14B56A84-F13C-4A07-B54E-E1AF5854B5EF} = {1E5C32A0-2311-4A95-9A48-E9808280939A}
		{F65768C4-799E-4A1E-A510-8407A50EF59F} = {80CC7EAF-BCFA-4E2B-8337-11E43EDF2401}
		{5AD3917F-160E-4BA5-A523-A1BB8CDC09E1} = {1E5C32A0-2311-4A95-9A48-E9808280939A}
		{5F3DE2A2-7738-4158-AC37-F7ECE253881F} = {80CC7EAF-BCFA-4E2B-8337-11E43EDF2401}
		{DD368230-7108-4601-BA7E-321D611CB956} = {F8F8F5FA-C5AB-42FB-9A9F-BBD7900D8644}
		{AE411B61-3449-416E-AADC-73CF9AF0EEA2} = {D2EDB7EC-7CE4-46A5-8D5F-0E963DB456AB}
		{64665CC7-6EFC-4E32-B34C-E3884B895760} = {80CC7EAF-BCFA-4E2B-8337-11E43EDF2401}
		{3B045414-0A2D-4AB9-AE89-35EF789FEC83} = {DEA94317-C05C-4F8C-B6C2-F4BB6247CCFD}
	EndGlobalSection
	GlobalSection(ExtensibilityGlobals) = postSolution
		SolutionGuid = {B79C09F0-DD5A-4CCB-8E9A-122404E0DE57}
	EndGlobalSection
EndGlobal
