
Microsoft Visual Studio Solution File, Format Version 12.00
# Visual Studio Version 17
VisualStudioVersion = 17.0.31903.59
MinimumVisualStudioVersion = 10.0.40219.1
Project("{9A19103F-16F7-4668-BE54-9A1E7A4F7556}") = "Array", "Array\Array.csproj", "{8787E46E-D294-46DC-ADE1-ACFC79838FE4}"
EndProject
Project("{9A19103F-16F7-4668-BE54-9A1E7A4F7556}") = "ArrayTests", "ArrayTests\ArrayTests.csproj", "{85AA5703-C44A-4C79-B6D1-1CA5F9FB6B9B}"
EndProject
Project("{9A19103F-16F7-4668-BE54-9A1E7A4F7556}") = "CollectionConsoleApp", "CollectionConsoleApp\CollectionConsoleApp.csproj", "{44BFEDAD-ABC3-4046-9491-96ECA565210E}"
EndProject
Project("{9A19103F-16F7-4668-BE54-9A1E7A4F7556}") = "CollectionTests", "CollectionTests\CollectionTests.csproj", "{89B9F928-5509-48F8-96C8-EDA8B4DAD1E7}"
EndProject
Project("{2150E333-8FDC-42A3-9474-1A3956D46DE8}") = "Arr", "Arr", "{A019506B-5F45-47CE-92CE-BD2EC532A05A}"
EndProject
Project("{2150E333-8FDC-42A3-9474-1A3956D46DE8}") = "Collections", "Collections", "{E218FDE4-066A-4BD9-80E4-1FE43991EB6C}"
EndProject
Project("{9A19103F-16F7-4668-BE54-9A1E7A4F7556}") = "List", "List\List.csproj", "{BB36BED9-E4D0-4378-817E-C8F20929BDED}"
EndProject
Project("{9A19103F-16F7-4668-BE54-9A1E7A4F7556}") = "ListTests", "ListTests\ListTests.csproj", "{58C6E1D1-66FB-43C2-8D82-46E38C2FB715}"
EndProject
Project("{2150E333-8FDC-42A3-9474-1A3956D46DE8}") = "LinkedList", "LinkedList", "{2FC09C69-13B9-4EB7-A7EA-29674CAF59F0}"
EndProject
Project("{FAE04EC0-301F-11D3-BF4B-00C04F79EFBC}") = "LinkedList", "LinkedList\LinkedList.csproj", "{A45B2A73-BC1C-495A-B48E-252EF18AEB15}"
EndProject
Project("{FAE04EC0-301F-11D3-BF4B-00C04F79EFBC}") = "LinkedListConsoleApp", "LinkedListConsoleApp\LinkedListConsoleApp.csproj", "{86F84511-82F6-4308-A988-B3CF95DAD53F}"
EndProject
Project("{FAE04EC0-301F-11D3-BF4B-00C04F79EFBC}") = "SinglyLinkedListTests", "SinglyLinkedListTests\SinglyLinkedListTests.csproj", "{627631DE-F645-4017-91BF-6BC0CD0BEE01}"
EndProject
Global
	GlobalSection(SolutionConfigurationPlatforms) = preSolution
		Debug|Any CPU = Debug|Any CPU
		Release|Any CPU = Release|Any CPU
	EndGlobalSection
	GlobalSection(ProjectConfigurationPlatforms) = postSolution
		{8787E46E-D294-46DC-ADE1-ACFC79838FE4}.Debug|Any CPU.ActiveCfg = Debug|Any CPU
		{8787E46E-D294-46DC-ADE1-ACFC79838FE4}.Debug|Any CPU.Build.0 = Debug|Any CPU
		{8787E46E-D294-46DC-ADE1-ACFC79838FE4}.Release|Any CPU.ActiveCfg = Release|Any CPU
		{8787E46E-D294-46DC-ADE1-ACFC79838FE4}.Release|Any CPU.Build.0 = Release|Any CPU
		{85AA5703-C44A-4C79-B6D1-1CA5F9FB6B9B}.Debug|Any CPU.ActiveCfg = Debug|Any CPU
		{85AA5703-C44A-4C79-B6D1-1CA5F9FB6B9B}.Debug|Any CPU.Build.0 = Debug|Any CPU
		{85AA5703-C44A-4C79-B6D1-1CA5F9FB6B9B}.Release|Any CPU.ActiveCfg = Release|Any CPU
		{85AA5703-C44A-4C79-B6D1-1CA5F9FB6B9B}.Release|Any CPU.Build.0 = Release|Any CPU
		{44BFEDAD-ABC3-4046-9491-96ECA565210E}.Debug|Any CPU.ActiveCfg = Debug|Any CPU
		{44BFEDAD-ABC3-4046-9491-96ECA565210E}.Debug|Any CPU.Build.0 = Debug|Any CPU
		{44BFEDAD-ABC3-4046-9491-96ECA565210E}.Release|Any CPU.ActiveCfg = Release|Any CPU
		{44BFEDAD-ABC3-4046-9491-96ECA565210E}.Release|Any CPU.Build.0 = Release|Any CPU
		{89B9F928-5509-48F8-96C8-EDA8B4DAD1E7}.Debug|Any CPU.ActiveCfg = Debug|Any CPU
		{89B9F928-5509-48F8-96C8-EDA8B4DAD1E7}.Debug|Any CPU.Build.0 = Debug|Any CPU
		{89B9F928-5509-48F8-96C8-EDA8B4DAD1E7}.Release|Any CPU.ActiveCfg = Release|Any CPU
		{89B9F928-5509-48F8-96C8-EDA8B4DAD1E7}.Release|Any CPU.Build.0 = Release|Any CPU
		{BB36BED9-E4D0-4378-817E-C8F20929BDED}.Debug|Any CPU.ActiveCfg = Debug|Any CPU
		{BB36BED9-E4D0-4378-817E-C8F20929BDED}.Debug|Any CPU.Build.0 = Debug|Any CPU
		{BB36BED9-E4D0-4378-817E-C8F20929BDED}.Release|Any CPU.ActiveCfg = Release|Any CPU
		{BB36BED9-E4D0-4378-817E-C8F20929BDED}.Release|Any CPU.Build.0 = Release|Any CPU
		{58C6E1D1-66FB-43C2-8D82-46E38C2FB715}.Debug|Any CPU.ActiveCfg = Debug|Any CPU
		{58C6E1D1-66FB-43C2-8D82-46E38C2FB715}.Debug|Any CPU.Build.0 = Debug|Any CPU
		{58C6E1D1-66FB-43C2-8D82-46E38C2FB715}.Release|Any CPU.ActiveCfg = Release|Any CPU
		{58C6E1D1-66FB-43C2-8D82-46E38C2FB715}.Release|Any CPU.Build.0 = Release|Any CPU
		{A45B2A73-BC1C-495A-B48E-252EF18AEB15}.Debug|Any CPU.ActiveCfg = Debug|Any CPU
		{A45B2A73-BC1C-495A-B48E-252EF18AEB15}.Debug|Any CPU.Build.0 = Debug|Any CPU
		{A45B2A73-BC1C-495A-B48E-252EF18AEB15}.Release|Any CPU.ActiveCfg = Release|Any CPU
		{A45B2A73-BC1C-495A-B48E-252EF18AEB15}.Release|Any CPU.Build.0 = Release|Any CPU
		{86F84511-82F6-4308-A988-B3CF95DAD53F}.Debug|Any CPU.ActiveCfg = Debug|Any CPU
		{86F84511-82F6-4308-A988-B3CF95DAD53F}.Debug|Any CPU.Build.0 = Debug|Any CPU
		{86F84511-82F6-4308-A988-B3CF95DAD53F}.Release|Any CPU.ActiveCfg = Release|Any CPU
		{86F84511-82F6-4308-A988-B3CF95DAD53F}.Release|Any CPU.Build.0 = Release|Any CPU
		{627631DE-F645-4017-91BF-6BC0CD0BEE01}.Debug|Any CPU.ActiveCfg = Debug|Any CPU
		{627631DE-F645-4017-91BF-6BC0CD0BEE01}.Debug|Any CPU.Build.0 = Debug|Any CPU
		{627631DE-F645-4017-91BF-6BC0CD0BEE01}.Release|Any CPU.ActiveCfg = Release|Any CPU
		{627631DE-F645-4017-91BF-6BC0CD0BEE01}.Release|Any CPU.Build.0 = Release|Any CPU
	EndGlobalSection
	GlobalSection(SolutionProperties) = preSolution
		HideSolutionNode = FALSE
	EndGlobalSection
	GlobalSection(NestedProjects) = preSolution
		{8787E46E-D294-46DC-ADE1-ACFC79838FE4} = {A019506B-5F45-47CE-92CE-BD2EC532A05A}
		{85AA5703-C44A-4C79-B6D1-1CA5F9FB6B9B} = {A019506B-5F45-47CE-92CE-BD2EC532A05A}
		{44BFEDAD-ABC3-4046-9491-96ECA565210E} = {E218FDE4-066A-4BD9-80E4-1FE43991EB6C}
		{89B9F928-5509-48F8-96C8-EDA8B4DAD1E7} = {E218FDE4-066A-4BD9-80E4-1FE43991EB6C}
		{BB36BED9-E4D0-4378-817E-C8F20929BDED} = {E218FDE4-066A-4BD9-80E4-1FE43991EB6C}
		{58C6E1D1-66FB-43C2-8D82-46E38C2FB715} = {E218FDE4-066A-4BD9-80E4-1FE43991EB6C}
		{A45B2A73-BC1C-495A-B48E-252EF18AEB15} = {2FC09C69-13B9-4EB7-A7EA-29674CAF59F0}
		{86F84511-82F6-4308-A988-B3CF95DAD53F} = {2FC09C69-13B9-4EB7-A7EA-29674CAF59F0}
		{627631DE-F645-4017-91BF-6BC0CD0BEE01} = {2FC09C69-13B9-4EB7-A7EA-29674CAF59F0}
	EndGlobalSection
	GlobalSection(ExtensibilityGlobals) = postSolution
		SolutionGuid = {B79C09F0-DD5A-4CCB-8E9A-122404E0DE57}
	EndGlobalSection
EndGlobal
